{
  "requires": true,
  "lockfileVersion": 1,
  "dependencies": {
    "dalitso-frame-print": {
      "version": "1.0.0",
      "resolved": "https://registry.npmjs.org/dalitso-frame-print/-/dalitso-frame-print-1.0.0.tgz",
      "integrity": "sha512-z3+IQcVjhGWYmxGsJfER2FYLDoeFbaSboSFhoNkIXSH+/DXGO8JplhWw7i7fhwqyG1OyBhY302kSXzLQvkWQqg=="
    }
  }
}
